// !$*UTF8*$!
{
	archiveVersion = 1;
	classes = {
	};
	objectVersion = 46;
	objects = {

/* Begin PBXBuildFile section */
		13D209AB1BC483CE000B900A /* AppDelegate.swift in Sources */ = {isa = PBXBuildFile; fileRef = 13D209AA1BC483CE000B900A /* AppDelegate.swift */; };
		13D209AD1BC483CE000B900A /* ViewController.swift in Sources */ = {isa = PBXBuildFile; fileRef = 13D209AC1BC483CE000B900A /* ViewController.swift */; };
		13D209B01BC483CE000B900A /* Main.storyboard in Resources */ = {isa = PBXBuildFile; fileRef = 13D209AE1BC483CE000B900A /* Main.storyboard */; };
		13D209B21BC483CE000B900A /* Assets.xcassets in Resources */ = {isa = PBXBuildFile; fileRef = 13D209B11BC483CE000B900A /* Assets.xcassets */; };
		13D209B51BC483CE000B900A /* LaunchScreen.storyboard in Resources */ = {isa = PBXBuildFile; fileRef = 13D209B31BC483CE000B900A /* LaunchScreen.storyboard */; };
		13D209C01BC483CF000B900A /* tumblrTests.swift in Sources */ = {isa = PBXBuildFile; fileRef = 13D209BF1BC483CF000B900A /* tumblrTests.swift */; };
		13D209CB1BC483CF000B900A /* tumblrUITests.swift in Sources */ = {isa = PBXBuildFile; fileRef = 13D209CA1BC483CF000B900A /* tumblrUITests.swift */; };
/* End PBXBuildFile section */

/* Begin PBXContainerItemProxy section */
		13D209BC1BC483CF000B900A /* PBXContainerItemProxy */ = {
			isa = PBXContainerItemProxy;
			containerPortal = 13D2099F1BC483CE000B900A /* Project object */;
			proxyType = 1;
			remoteGlobalIDString = 13D209A61BC483CE000B900A;
			remoteInfo = tumblr;
		};
		13D209C71BC483CF000B900A /* PBXContainerItemProxy */ = {
			isa = PBXContainerItemProxy;
			containerPortal = 13D2099F1BC483CE000B900A /* Project object */;
			proxyType = 1;
			remoteGlobalIDString = 13D209A61BC483CE000B900A;
			remoteInfo = tumblr;
		};
/* End PBXContainerItemProxy section */

/* Begin PBXFileReference section */
		13D209A71BC483CE000B900A /* tumblr.app */ = {isa = PBXFileReference; explicitFileType = wrapper.application; includeInIndex = 0; path = tumblr.app; sourceTree = BUILT_PRODUCTS_DIR; };
		13D209AA1BC483CE000B900A /* AppDelegate.swift */ = {isa = PBXFileReference; lastKnownFileType = sourcecode.swift; path = AppDelegate.swift; sourceTree = "<group>"; };
		13D209AC1BC483CE000B900A /* ViewController.swift */ = {isa = PBXFileReference; lastKnownFileType = sourcecode.swift; path = ViewController.swift; sourceTree = "<group>"; };
		13D209AF1BC483CE000B900A /* Base */ = {isa = PBXFileReference; lastKnownFileType = file.storyboard; name = Base; path = Base.lproj/Main.storyboard; sourceTree = "<group>"; };
		13D209B11BC483CE000B900A /* Assets.xcassets */ = {isa = PBXFileReference; lastKnownFileType = folder.assetcatalog; path = Assets.xcassets; sourceTree = "<group>"; };
		13D209B41BC483CE000B900A /* Base */ = {isa = PBXFileReference; lastKnownFileType = file.storyboard; name = Base; path = Base.lproj/LaunchScreen.storyboard; sourceTree = "<group>"; };
		13D209B61BC483CE000B900A /* Info.plist */ = {isa = PBXFileReference; lastKnownFileType = text.plist.xml; path = Info.plist; sourceTree = "<group>"; };
		13D209BB1BC483CF000B900A /* tumblrTests.xctest */ = {isa = PBXFileReference; explicitFileType = wrapper.cfbundle; includeInIndex = 0; path = tumblrTests.xctest; sourceTree = BUILT_PRODUCTS_DIR; };
		13D209BF1BC483CF000B900A /* tumblrTests.swift */ = {isa = PBXFileReference; lastKnownFileType = sourcecode.swift; path = tumblrTests.swift; sourceTree = "<group>"; };
		13D209C11BC483CF000B900A /* Info.plist */ = {isa = PBXFileReference; lastKnownFileType = text.plist.xml; path = Info.plist; sourceTree = "<group>"; };
		13D209C61BC483CF000B900A /* tumblrUITests.xctest */ = {isa = PBXFileReference; explicitFileType = wrapper.cfbundle; includeInIndex = 0; path = tumblrUITests.xctest; sourceTree = BUILT_PRODUCTS_DIR; };
		13D209CA1BC483CF000B900A /* tumblrUITests.swift */ = {isa = PBXFileReference; lastKnownFileType = sourcecode.swift; path = tumblrUITests.swift; sourceTree = "<group>"; };
		13D209CC1BC483CF000B900A /* Info.plist */ = {isa = PBXFileReference; lastKnownFileType = text.plist.xml; path = Info.plist; sourceTree = "<group>"; };
/* End PBXFileReference section */

/* Begin PBXFrameworksBuildPhase section */
		13D209A41BC483CE000B900A /* Frameworks */ = {
			isa = PBXFrameworksBuildPhase;
			buildActionMask = 2147483647;
			files = (
			);
			runOnlyForDeploymentPostprocessing = 0;
		};
		13D209B81BC483CF000B900A /* Frameworks */ = {
			isa = PBXFrameworksBuildPhase;
			buildActionMask = 2147483647;
			files = (
			);
			runOnlyForDeploymentPostprocessing = 0;
		};
		13D209C31BC483CF000B900A /* Frameworks */ = {
			isa = PBXFrameworksBuildPhase;
			buildActionMask = 2147483647;
			files = (
			);
			runOnlyForDeploymentPostprocessing = 0;
		};
/* End PBXFrameworksBuildPhase section */

/* Begin PBXGroup section */
		13D2099E1BC483CE000B900A = {
			isa = PBXGroup;
			children = (
				13D209A91BC483CE000B900A /* tumblr */,
				13D209BE1BC483CF000B900A /* tumblrTests */,
				13D209C91BC483CF000B900A /* tumblrUITests */,
				13D209A81BC483CE000B900A /* Products */,
			);
			sourceTree = "<group>";
		};
		13D209A81BC483CE000B900A /* Products */ = {
			isa = PBXGroup;
			children = (
				13D209A71BC483CE000B900A /* tumblr.app */,
				13D209BB1BC483CF000B900A /* tumblrTests.xctest */,
				13D209C61BC483CF000B900A /* tumblrUITests.xctest */,
			);
			name = Products;
			sourceTree = "<group>";
		};
		13D209A91BC483CE000B900A /* tumblr */ = {
			isa = PBXGroup;
			children = (
				13D209AA1BC483CE000B900A /* AppDelegate.swift */,
				13D209AC1BC483CE000B900A /* ViewController.swift */,
				13D209AE1BC483CE000B900A /* Main.storyboard */,
				13D209B11BC483CE000B900A /* Assets.xcassets */,
				13D209B31BC483CE000B900A /* LaunchScreen.storyboard */,
				13D209B61BC483CE000B900A /* Info.plist */,
			);
			path = tumblr;
			sourceTree = "<group>";
		};
		13D209BE1BC483CF000B900A /* tumblrTests */ = {
			isa = PBXGroup;
			children = (
				13D209BF1BC483CF000B900A /* tumblrTests.swift */,
				13D209C11BC483CF000B900A /* Info.plist */,
			);
			path = tumblrTests;
			sourceTree = "<group>";
		};
		13D209C91BC483CF000B900A /* tumblrUITests */ = {
			isa = PBXGroup;
			children = (
				13D209CA1BC483CF000B900A /* tumblrUITests.swift */,
				13D209CC1BC483CF000B900A /* Info.plist */,
			);
			path = tumblrUITests;
			sourceTree = "<group>";
		};
/* End PBXGroup section */

/* Begin PBXNativeTarget section */
		13D209A61BC483CE000B900A /* tumblr */ = {
			isa = PBXNativeTarget;
			buildConfigurationList = 13D209CF1BC483CF000B900A /* Build configuration list for PBXNativeTarget "tumblr" */;
			buildPhases = (
				13D209A31BC483CE000B900A /* Sources */,
				13D209A41BC483CE000B900A /* Frameworks */,
				13D209A51BC483CE000B900A /* Resources */,
			);
			buildRules = (
			);
			dependencies = (
			);
			name = tumblr;
			productName = tumblr;
			productReference = 13D209A71BC483CE000B900A /* tumblr.app */;
			productType = "com.apple.product-type.application";
		};
		13D209BA1BC483CF000B900A /* tumblrTests */ = {
			isa = PBXNativeTarget;
			buildConfigurationList = 13D209D21BC483CF000B900A /* Build configuration list for PBXNativeTarget "tumblrTests" */;
			buildPhases = (
				13D209B71BC483CF000B900A /* Sources */,
				13D209B81BC483CF000B900A /* Frameworks */,
				13D209B91BC483CF000B900A /* Resources */,
			);
			buildRules = (
			);
			dependencies = (
				13D209BD1BC483CF000B900A /* PBXTargetDependency */,
			);
			name = tumblrTests;
			productName = tumblrTests;
			productReference = 13D209BB1BC483CF000B900A /* tumblrTests.xctest */;
			productType = "com.apple.product-type.bundle.unit-test";
		};
		13D209C51BC483CF000B900A /* tumblrUITests */ = {
			isa = PBXNativeTarget;
			buildConfigurationList = 13D209D51BC483CF000B900A /* Build configuration list for PBXNativeTarget "tumblrUITests" */;
			buildPhases = (
				13D209C21BC483CF000B900A /* Sources */,
				13D209C31BC483CF000B900A /* Frameworks */,
				13D209C41BC483CF000B900A /* Resources */,
			);
			buildRules = (
			);
			dependencies = (
				13D209C81BC483CF000B900A /* PBXTargetDependency */,
			);
			name = tumblrUITests;
			productName = tumblrUITests;
			productReference = 13D209C61BC483CF000B900A /* tumblrUITests.xctest */;
			productType = "com.apple.product-type.bundle.ui-testing";
		};
/* End PBXNativeTarget section */

/* Begin PBXProject section */
		13D2099F1BC483CE000B900A /* Project object */ = {
			isa = PBXProject;
			attributes = {
				LastUpgradeCheck = 0700;
				ORGANIZATIONNAME = "Lindsey Boyden";
				TargetAttributes = {
					13D209A61BC483CE000B900A = {
						CreatedOnToolsVersion = 7.0.1;
						DevelopmentTeam = SAJ8H5P566;
					};
					13D209BA1BC483CF000B900A = {
						CreatedOnToolsVersion = 7.0.1;
						DevelopmentTeam = SAJ8H5P566;
						TestTargetID = 13D209A61BC483CE000B900A;
					};
					13D209C51BC483CF000B900A = {
						CreatedOnToolsVersion = 7.0.1;
						DevelopmentTeam = SAJ8H5P566;
						TestTargetID = 13D209A61BC483CE000B900A;
					};
				};
			};
			buildConfigurationList = 13D209A21BC483CE000B900A /* Build configuration list for PBXProject "tumblr" */;
			compatibilityVersion = "Xcode 3.2";
			developmentRegion = English;
			hasScannedForEncodings = 0;
			knownRegions = (
				en,
				Base,
			);
			mainGroup = 13D2099E1BC483CE000B900A;
			productRefGroup = 13D209A81BC483CE000B900A /* Products */;
			projectDirPath = "";
			projectRoot = "";
			targets = (
				13D209A61BC483CE000B900A /* tumblr */,
				13D209BA1BC483CF000B900A /* tumblrTests */,
				13D209C51BC483CF000B900A /* tumblrUITests */,
			);
		};
/* End PBXProject section */

/* Begin PBXResourcesBuildPhase section */
		13D209A51BC483CE000B900A /* Resources */ = {
			isa = PBXResourcesBuildPhase;
			buildActionMask = 2147483647;
			files = (
				13D209B51BC483CE000B900A /* LaunchScreen.storyboard in Resources */,
				13D209B21BC483CE000B900A /* Assets.xcassets in Resources */,
				13D209B01BC483CE000B900A /* Main.storyboard in Resources */,
			);
			runOnlyForDeploymentPostprocessing = 0;
		};
		13D209B91BC483CF000B900A /* Resources */ = {
			isa = PBXResourcesBuildPhase;
			buildActionMask = 2147483647;
			files = (
			);
			runOnlyForDeploymentPostprocessing = 0;
		};
		13D209C41BC483CF000B900A /* Resources */ = {
			isa = PBXResourcesBuildPhase;
			buildActionMask = 2147483647;
			files = (
			);
			runOnlyForDeploymentPostprocessing = 0;
		};
/* End PBXResourcesBuildPhase section */

/* Begin PBXSourcesBuildPhase section */
		13D209A31BC483CE000B900A /* Sources */ = {
			isa = PBXSourcesBuildPhase;
			buildActionMask = 2147483647;
			files = (
				13D209AD1BC483CE000B900A /* ViewController.swift in Sources */,
				13D209AB1BC483CE000B900A /* AppDelegate.swift in Sources */,
			);
			runOnlyForDeploymentPostprocessing = 0;
		};
		13D209B71BC483CF000B900A /* Sources */ = {
			isa = PBXSourcesBuildPhase;
			buildActionMask = 2147483647;
			files = (
				13D209C01BC483CF000B900A /* tumblrTests.swift in Sources */,
			);
			runOnlyForDeploymentPostprocessing = 0;
		};
		13D209C21BC483CF000B900A /* Sources */ = {
			isa = PBXSourcesBuildPhase;
			buildActionMask = 2147483647;
			files = (
				13D209CB1BC483CF000B900A /* tumblrUITests.swift in Sources */,
			);
			runOnlyForDeploymentPostprocessing = 0;
		};
/* End PBXSourcesBuildPhase section */

/* Begin PBXTargetDependency section */
		13D209BD1BC483CF000B900A /* PBXTargetDependency */ = {
			isa = PBXTargetDependency;
			target = 13D209A61BC483CE000B900A /* tumblr */;
			targetProxy = 13D209BC1BC483CF000B900A /* PBXContainerItemProxy */;
		};
		13D209C81BC483CF000B900A /* PBXTargetDependency */ = {
			isa = PBXTargetDependency;
			target = 13D209A61BC483CE000B900A /* tumblr */;
			targetProxy = 13D209C71BC483CF000B900A /* PBXContainerItemProxy */;
		};
/* End PBXTargetDependency section */

/* Begin PBXVariantGroup section */
		13D209AE1BC483CE000B900A /* Main.storyboard */ = {
			isa = PBXVariantGroup;
			children = (
				13D209AF1BC483CE000B900A /* Base */,
			);
			name = Main.storyboard;
			sourceTree = "<group>";
		};
		13D209B31BC483CE000B900A /* LaunchScreen.storyboard */ = {
			isa = PBXVariantGroup;
			children = (
				13D209B41BC483CE000B900A /* Base */,
			);
			name = LaunchScreen.storyboard;
			sourceTree = "<group>";
		};
/* End PBXVariantGroup section */

/* Begin XCBuildConfiguration section */
		13D209CD1BC483CF000B900A /* Debug */ = {
			isa = XCBuildConfiguration;
			buildSettings = {
				ALWAYS_SEARCH_USER_PATHS = NO;
				CLANG_CXX_LANGUAGE_STANDARD = "gnu++0x";
				CLANG_CXX_LIBRARY = "libc++";
				CLANG_ENABLE_MODULES = YES;
				CLANG_ENABLE_OBJC_ARC = YES;
				CLANG_WARN_BOOL_CONVERSION = YES;
				CLANG_WARN_CONSTANT_CONVERSION = YES;
				CLANG_WARN_DIRECT_OBJC_ISA_USAGE = YES_ERROR;
				CLANG_WARN_EMPTY_BODY = YES;
				CLANG_WARN_ENUM_CONVERSION = YES;
				CLANG_WARN_INT_CONVERSION = YES;
				CLANG_WARN_OBJC_ROOT_CLASS = YES_ERROR;
				CLANG_WARN_UNREACHABLE_CODE = YES;
				CLANG_WARN__DUPLICATE_METHOD_MATCH = YES;
				"CODE_SIGN_IDENTITY[sdk=iphoneos*]" = "iPhone Developer";
				COPY_PHASE_STRIP = NO;
				DEBUG_INFORMATION_FORMAT = dwarf;
				ENABLE_STRICT_OBJC_MSGSEND = YES;
				ENABLE_TESTABILITY = YES;
				GCC_C_LANGUAGE_STANDARD = gnu99;
				GCC_DYNAMIC_NO_PIC = NO;
				GCC_NO_COMMON_BLOCKS = YES;
				GCC_OPTIMIZATION_LEVEL = 0;
				GCC_PREPROCESSOR_DEFINITIONS = (
					"DEBUG=1",
					"$(inherited)",
				);
				GCC_WARN_64_TO_32_BIT_CONVERSION = YES;
				GCC_WARN_ABOUT_RETURN_TYPE = YES_ERROR;
				GCC_WARN_UNDECLARED_SELECTOR = YES;
				GCC_WARN_UNINITIALIZED_AUTOS = YES_AGGRESSIVE;
				GCC_WARN_UNUSED_FUNCTION = YES;
				GCC_WARN_UNUSED_VARIABLE = YES;
				IPHONEOS_DEPLOYMENT_TARGET = 9.0;
				MTL_ENABLE_DEBUG_INFO = YES;
				ONLY_ACTIVE_ARCH = YES;
				SDKROOT = iphoneos;
				SWIFT_OPTIMIZATION_LEVEL = "-Onone";
			};
			name = Debug;
		};
		13D209CE1BC483CF000B900A /* Release */ = {
			isa = XCBuildConfiguration;
			buildSettings = {
				ALWAYS_SEARCH_USER_PATHS = NO;
				CLANG_CXX_LANGUAGE_STANDARD = "gnu++0x";
				CLANG_CXX_LIBRARY = "libc++";
				CLANG_ENABLE_MODULES = YES;
				CLANG_ENABLE_OBJC_ARC = YES;
				CLANG_WARN_BOOL_CONVERSION = YES;
				CLANG_WARN_CONSTANT_CONVERSION = YES;
				CLANG_WARN_DIRECT_OBJC_ISA_USAGE = YES_ERROR;
				CLANG_WARN_EMPTY_BODY = YES;
				CLANG_WARN_ENUM_CONVERSION = YES;
				CLANG_WARN_INT_CONVERSION = YES;
				CLANG_WARN_OBJC_ROOT_CLASS = YES_ERROR;
				CLANG_WARN_UNREACHABLE_CODE = YES;
				CLANG_WARN__DUPLICATE_METHOD_MATCH = YES;
				"CODE_SIGN_IDENTITY[sdk=iphoneos*]" = "iPhone Developer";
				COPY_PHASE_STRIP = NO;
				DEBUG_INFORMATION_FORMAT = "dwarf-with-dsym";
				ENABLE_NS_ASSERTIONS = NO;
				ENABLE_STRICT_OBJC_MSGSEND = YES;
				GCC_C_LANGUAGE_STANDARD = gnu99;
				GCC_NO_COMMON_BLOCKS = YES;
				GCC_WARN_64_TO_32_BIT_CONVERSION = YES;
				GCC_WARN_ABOUT_RETURN_TYPE = YES_ERROR;
				GCC_WARN_UNDECLARED_SELECTOR = YES;
				GCC_WARN_UNINITIALIZED_AUTOS = YES_AGGRESSIVE;
				GCC_WARN_UNUSED_FUNCTION = YES;
				GCC_WARN_UNUSED_VARIABLE = YES;
				IPHONEOS_DEPLOYMENT_TARGET = 9.0;
				MTL_ENABLE_DEBUG_INFO = NO;
				SDKROOT = iphoneos;
				VALIDATE_PRODUCT = YES;
			};
			name = Release;
		};
		13D209D01BC483CF000B900A /* Debug */ = {
			isa = XCBuildConfiguration;
			buildSettings = {
				ASSETCATALOG_COMPILER_APPICON_NAME = AppIcon;
				INFOPLIST_FILE = tumblr/Info.plist;
				LD_RUNPATH_SEARCH_PATHS = "$(inherited) @executable_path/Frameworks";
				PRODUCT_BUNDLE_IDENTIFIER = codepath.tumblr;
				PRODUCT_NAME = "$(TARGET_NAME)";
			};
			name = Debug;
		};
		13D209D11BC483CF000B900A /* Release */ = {
			isa = XCBuildConfiguration;
			buildSettings = {
				ASSETCATALOG_COMPILER_APPICON_NAME = AppIcon;
				INFOPLIST_FILE = tumblr/Info.plist;
				LD_RUNPATH_SEARCH_PATHS = "$(inherited) @executable_path/Frameworks";
				PRODUCT_BUNDLE_IDENTIFIER = codepath.tumblr;
				PRODUCT_NAME = "$(TARGET_NAME)";
			};
			name = Release;
		};
		13D209D31BC483CF000B900A /* Debug */ = {
			isa = XCBuildConfiguration;
			buildSettings = {
				BUNDLE_LOADER = "$(TEST_HOST)";
				INFOPLIST_FILE = tumblrTests/Info.plist;
				LD_RUNPATH_SEARCH_PATHS = "$(inherited) @executable_path/Frameworks @loader_path/Frameworks";
				PRODUCT_BUNDLE_IDENTIFIER = codepath.tumblrTests;
				PRODUCT_NAME = "$(TARGET_NAME)";
				TEST_HOST = "$(BUILT_PRODUCTS_DIR)/tumblr.app/tumblr";
			};
			name = Debug;
		};
		13D209D41BC483CF000B900A /* Release */ = {
			isa = XCBuildConfiguration;
			buildSettings = {
				BUNDLE_LOADER = "$(TEST_HOST)";
				INFOPLIST_FILE = tumblrTests/Info.plist;
				LD_RUNPATH_SEARCH_PATHS = "$(inherited) @executable_path/Frameworks @loader_path/Frameworks";
				PRODUCT_BUNDLE_IDENTIFIER = codepath.tumblrTests;
				PRODUCT_NAME = "$(TARGET_NAME)";
				TEST_HOST = "$(BUILT_PRODUCTS_DIR)/tumblr.app/tumblr";
			};
			name = Release;
		};
		13D209D61BC483CF000B900A /* Debug */ = {
			isa = XCBuildConfiguration;
			buildSettings = {
				INFOPLIST_FILE = tumblrUITests/Info.plist;
				LD_RUNPATH_SEARCH_PATHS = "$(inherited) @executable_path/Frameworks @loader_path/Frameworks";
				PRODUCT_BUNDLE_IDENTIFIER = codepath.tumblrUITests;
				PRODUCT_NAME = "$(TARGET_NAME)";
				TEST_TARGET_NAME = tumblr;
				USES_XCTRUNNER = YES;
			};
			name = Debug;
		};
		13D209D71BC483CF000B900A /* Release */ = {
			isa = XCBuildConfiguration;
			buildSettings = {
				INFOPLIST_FILE = tumblrUITests/Info.plist;
				LD_RUNPATH_SEARCH_PATHS = "$(inherited) @executable_path/Frameworks @loader_path/Frameworks";
				PRODUCT_BUNDLE_IDENTIFIER = codepath.tumblrUITests;
				PRODUCT_NAME = "$(TARGET_NAME)";
				TEST_TARGET_NAME = tumblr;
				USES_XCTRUNNER = YES;
			};
			name = Release;
		};
/* End XCBuildConfiguration section */

/* Begin XCConfigurationList section */
		13D209A21BC483CE000B900A /* Build configuration list for PBXProject "tumblr" */ = {
			isa = XCConfigurationList;
			buildConfigurations = (
				13D209CD1BC483CF000B900A /* Debug */,
				13D209CE1BC483CF000B900A /* Release */,
			);
			defaultConfigurationIsVisible = 0;
			defaultConfigurationName = Release;
		};
		13D209CF1BC483CF000B900A /* Build configuration list for PBXNativeTarget "tumblr" */ = {
			isa = XCConfigurationList;
			buildConfigurations = (
				13D209D01BC483CF000B900A /* Debug */,
				13D209D11BC483CF000B900A /* Release */,
			);
			defaultConfigurationIsVisible = 0;
		};
		13D209D21BC483CF000B900A /* Build configuration list for PBXNativeTarget "tumblrTests" */ = {
			isa = XCConfigurationList;
			buildConfigurations = (
				13D209D31BC483CF000B900A /* Debug */,
				13D209D41BC483CF000B900A /* Release */,
			);
			defaultConfigurationIsVisible = 0;
		};
		13D209D51BC483CF000B900A /* Build configuration list for PBXNativeTarget "tumblrUITests" */ = {
			isa = XCConfigurationList;
			buildConfigurations = (
				13D209D61BC483CF000B900A /* Debug */,
				13D209D71BC483CF000B900A /* Release */,
			);
			defaultConfigurationIsVisible = 0;
		};
/* End XCConfigurationList section */
	};
	rootObject = 13D2099F1BC483CE000B900A /* Project object */;
}
